
Microsoft Visual Studio Solution File, Format Version 12.00
# Visual Studio 15
Project("{FAE04EC0-301F-11D3-BF4B-00C04F79EFBC}") = "Assembly-CSharp", "Assembly-CSharp.csproj", "{B0A66E6A-BA69-A123-0C67-C8DC8EC11E30}"
EndProject
Project("{FAE04EC0-301F-11D3-BF4B-00C04F79EFBC}") = "AstarPathfindingProject", "AstarPathfindingProject.csproj", "{C467DC49-921F-AA34-E252-D75FD60297CD}"
EndProject
Project("{FAE04EC0-301F-11D3-BF4B-00C04F79EFBC}") = "CFXRRuntime", "CFXRRuntime.csproj", "{9D806E7D-B9B0-2417-FF20-671D1160C9A1}"
EndProject
Project("{FAE04EC0-301F-11D3-BF4B-00C04F79EFBC}") = "PackageToolsEditor", "PackageToolsEditor.csproj", "{43E7AF0E-F07D-3B3E-D573-665E6BDD445D}"
EndProject
Project("{FAE04EC0-301F-11D3-BF4B-00C04F79EFBC}") = "CFXRDemo", "CFXRDemo.csproj", "{E435CDFF-455A-DADD-E836-4E32AEDFE7E5}"
EndProject
Project("{FAE04EC0-301F-11D3-BF4B-00C04F79EFBC}") = "CFXREditor", "CFXREditor.csproj", "{2FA444C4-DD4C-D9B7-6798-60CA888B2AAE}"
EndProject
Project("{FAE04EC0-301F-11D3-BF4B-00C04F79EFBC}") = "Assembly-CSharp-firstpass", "Assembly-CSharp-firstpass.csproj", "{B13E125F-AAA8-7FB3-9994-71A015870A08}"
EndProject
Project("{FAE04EC0-301F-11D3-BF4B-00C04F79EFBC}") = "BattleText", "BattleText.csproj", "{75761254-3504-D87A-B3A4-5040CE4471AA}"
EndProject
Project("{FAE04EC0-301F-11D3-BF4B-00C04F79EFBC}") = "AstarPathfindingProjectEditor", "AstarPathfindingProjectEditor.csproj", "{956CA77E-9CDE-E48A-570D-5AD6BADF8AA5}"
EndProject
Project("{FAE04EC0-301F-11D3-BF4B-00C04F79EFBC}") = "KinoBloom.Runtime", "KinoBloom.Runtime.csproj", "{C614C260-EE4F-7F92-A857-69924983FA29}"
EndProject
Project("{FAE04EC0-301F-11D3-BF4B-00C04F79EFBC}") = "CFXR.WelcomeScreen", "CFXR.WelcomeScreen.csproj", "{D4667386-DDEA-F4A1-D011-ED84572CF5C9}"
EndProject
Project("{FAE04EC0-301F-11D3-BF4B-00C04F79EFBC}") = "ToonyColorsPro.Demo.Editor", "ToonyColorsPro.Demo.Editor.csproj", "{70209137-ED9D-861F-53C5-A3BDAC4ED767}"
EndProject
Project("{FAE04EC0-301F-11D3-BF4B-00C04F79EFBC}") = "AnimatedBattleText.Example.Damage", "AnimatedBattleText.Example.Damage.csproj", "{5156B24C-B182-7AA2-2C1F-8620E8E33C34}"
EndProject
Project("{FAE04EC0-301F-11D3-BF4B-00C04F79EFBC}") = "Assembly-CSharp-Editor", "Assembly-CSharp-Editor.csproj", "{FE3CDEDB-245F-31FA-4DD1-9B4F00EC89E3}"
EndProject
Global
	GlobalSection(SolutionConfigurationPlatforms) = preSolution
		Debug|Any CPU = Debug|Any CPU
		Release|Any CPU = Release|Any CPU
	EndGlobalSection
	GlobalSection(ProjectConfigurationPlatforms) = postSolution
		{B0A66E6A-BA69-A123-0C67-C8DC8EC11E30}.Debug|Any CPU.ActiveCfg = Debug|Any CPU
		{B0A66E6A-BA69-A123-0C67-C8DC8EC11E30}.Debug|Any CPU.Build.0 = Debug|Any CPU
		{B0A66E6A-BA69-A123-0C67-C8DC8EC11E30}.Release|Any CPU.ActiveCfg = Release|Any CPU
		{B0A66E6A-BA69-A123-0C67-C8DC8EC11E30}.Release|Any CPU.Build.0 = Release|Any CPU
		{C467DC49-921F-AA34-E252-D75FD60297CD}.Debug|Any CPU.ActiveCfg = Debug|Any CPU
		{C467DC49-921F-AA34-E252-D75FD60297CD}.Debug|Any CPU.Build.0 = Debug|Any CPU
		{C467DC49-921F-AA34-E252-D75FD60297CD}.Release|Any CPU.ActiveCfg = Release|Any CPU
		{C467DC49-921F-AA34-E252-D75FD60297CD}.Release|Any CPU.Build.0 = Release|Any CPU
		{9D806E7D-B9B0-2417-FF20-671D1160C9A1}.Debug|Any CPU.ActiveCfg = Debug|Any CPU
		{9D806E7D-B9B0-2417-FF20-671D1160C9A1}.Debug|Any CPU.Build.0 = Debug|Any CPU
		{9D806E7D-B9B0-2417-FF20-671D1160C9A1}.Release|Any CPU.ActiveCfg = Release|Any CPU
		{9D806E7D-B9B0-2417-FF20-671D1160C9A1}.Release|Any CPU.Build.0 = Release|Any CPU
		{43E7AF0E-F07D-3B3E-D573-665E6BDD445D}.Debug|Any CPU.ActiveCfg = Debug|Any CPU
		{43E7AF0E-F07D-3B3E-D573-665E6BDD445D}.Debug|Any CPU.Build.0 = Debug|Any CPU
		{43E7AF0E-F07D-3B3E-D573-665E6BDD445D}.Release|Any CPU.ActiveCfg = Release|Any CPU
		{43E7AF0E-F07D-3B3E-D573-665E6BDD445D}.Release|Any CPU.Build.0 = Release|Any CPU
		{E435CDFF-455A-DADD-E836-4E32AEDFE7E5}.Debug|Any CPU.ActiveCfg = Debug|Any CPU
		{E435CDFF-455A-DADD-E836-4E32AEDFE7E5}.Debug|Any CPU.Build.0 = Debug|Any CPU
		{E435CDFF-455A-DADD-E836-4E32AEDFE7E5}.Release|Any CPU.ActiveCfg = Release|Any CPU
		{E435CDFF-455A-DADD-E836-4E32AEDFE7E5}.Release|Any CPU.Build.0 = Release|Any CPU
		{2FA444C4-DD4C-D9B7-6798-60CA888B2AAE}.Debug|Any CPU.ActiveCfg = Debug|Any CPU
		{2FA444C4-DD4C-D9B7-6798-60CA888B2AAE}.Debug|Any CPU.Build.0 = Debug|Any CPU
		{2FA444C4-DD4C-D9B7-6798-60CA888B2AAE}.Release|Any CPU.ActiveCfg = Release|Any CPU
		{2FA444C4-DD4C-D9B7-6798-60CA888B2AAE}.Release|Any CPU.Build.0 = Release|Any CPU
		{B13E125F-AAA8-7FB3-9994-71A015870A08}.Debug|Any CPU.ActiveCfg = Debug|Any CPU
		{B13E125F-AAA8-7FB3-9994-71A015870A08}.Debug|Any CPU.Build.0 = Debug|Any CPU
		{B13E125F-AAA8-7FB3-9994-71A015870A08}.Release|Any CPU.ActiveCfg = Release|Any CPU
		{B13E125F-AAA8-7FB3-9994-71A015870A08}.Release|Any CPU.Build.0 = Release|Any CPU
		{75761254-3504-D87A-B3A4-5040CE4471AA}.Debug|Any CPU.ActiveCfg = Debug|Any CPU
		{75761254-3504-D87A-B3A4-5040CE4471AA}.Debug|Any CPU.Build.0 = Debug|Any CPU
		{75761254-3504-D87A-B3A4-5040CE4471AA}.Release|Any CPU.ActiveCfg = Release|Any CPU
		{75761254-3504-D87A-B3A4-5040CE4471AA}.Release|Any CPU.Build.0 = Release|Any CPU
		{956CA77E-9CDE-E48A-570D-5AD6BADF8AA5}.Debug|Any CPU.ActiveCfg = Debug|Any CPU
		{956CA77E-9CDE-E48A-570D-5AD6BADF8AA5}.Debug|Any CPU.Build.0 = Debug|Any CPU
		{956CA77E-9CDE-E48A-570D-5AD6BADF8AA5}.Release|Any CPU.ActiveCfg = Release|Any CPU
		{956CA77E-9CDE-E48A-570D-5AD6BADF8AA5}.Release|Any CPU.Build.0 = Release|Any CPU
		{C614C260-EE4F-7F92-A857-69924983FA29}.Debug|Any CPU.ActiveCfg = Debug|Any CPU
		{C614C260-EE4F-7F92-A857-69924983FA29}.Debug|Any CPU.Build.0 = Debug|Any CPU
		{C614C260-EE4F-7F92-A857-69924983FA29}.Release|Any CPU.ActiveCfg = Release|Any CPU
		{C614C260-EE4F-7F92-A857-69924983FA29}.Release|Any CPU.Build.0 = Release|Any CPU
		{D4667386-DDEA-F4A1-D011-ED84572CF5C9}.Debug|Any CPU.ActiveCfg = Debug|Any CPU
		{D4667386-DDEA-F4A1-D011-ED84572CF5C9}.Debug|Any CPU.Build.0 = Debug|Any CPU
		{D4667386-DDEA-F4A1-D011-ED84572CF5C9}.Release|Any CPU.ActiveCfg = Release|Any CPU
		{D4667386-DDEA-F4A1-D011-ED84572CF5C9}.Release|Any CPU.Build.0 = Release|Any CPU
		{70209137-ED9D-861F-53C5-A3BDAC4ED767}.Debug|Any CPU.ActiveCfg = Debug|Any CPU
		{70209137-ED9D-861F-53C5-A3BDAC4ED767}.Debug|Any CPU.Build.0 = Debug|Any CPU
		{70209137-ED9D-861F-53C5-A3BDAC4ED767}.Release|Any CPU.ActiveCfg = Release|Any CPU
		{70209137-ED9D-861F-53C5-A3BDAC4ED767}.Release|Any CPU.Build.0 = Release|Any CPU
		{5156B24C-B182-7AA2-2C1F-8620E8E33C34}.Debug|Any CPU.ActiveCfg = Debug|Any CPU
		{5156B24C-B182-7AA2-2C1F-8620E8E33C34}.Debug|Any CPU.Build.0 = Debug|Any CPU
		{5156B24C-B182-7AA2-2C1F-8620E8E33C34}.Release|Any CPU.ActiveCfg = Release|Any CPU
		{5156B24C-B182-7AA2-2C1F-8620E8E33C34}.Release|Any CPU.Build.0 = Release|Any CPU
		{FE3CDEDB-245F-31FA-4DD1-9B4F00EC89E3}.Debug|Any CPU.ActiveCfg = Debug|Any CPU
		{FE3CDEDB-245F-31FA-4DD1-9B4F00EC89E3}.Debug|Any CPU.Build.0 = Debug|Any CPU
		{FE3CDEDB-245F-31FA-4DD1-9B4F00EC89E3}.Release|Any CPU.ActiveCfg = Release|Any CPU
		{FE3CDEDB-245F-31FA-4DD1-9B4F00EC89E3}.Release|Any CPU.Build.0 = Release|Any CPU
	EndGlobalSection
	GlobalSection(SolutionProperties) = preSolution
		HideSolutionNode = FALSE
	EndGlobalSection
EndGlobal
